{
    "_readme": [
        "This file locks the dependencies of your project to a known state",
        "Read more about it at https://getcomposer.org/doc/01-basic-usage.md#installing-dependencies",
        "This file is @generated automatically"
    ],
    "content-hash": "44e82e0c2318bb8345e83473c5c5e1a0",
    "packages": [
        {
            "name": "websyspro/commons",
            "version": "dev-main",
            "source": {
                "type": "git",
                "url": "https://github.com/websyspro/commons.git",
                "reference": "35618e3e80d3a3bb00ef5be2168a9ff324a6bfb7"
            },
            "dist": {
                "type": "zip",
                "url": "https://api.github.com/repos/websyspro/commons/zipball/35618e3e80d3a3bb00ef5be2168a9ff324a6bfb7",
                "reference": "35618e3e80d3a3bb00ef5be2168a9ff324a6bfb7",
                "shasum": ""
            },
            "default-branch": true,
            "type": "library",
            "autoload": {
                "psr-4": {
                    "Websyspro\\Commons\\": "src/"
                }
            },
            "notification-url": "https://packagist.org/downloads/",
            "license": [
                "MIT"
            ],
            "authors": [
                {
                    "name": "websyspro",
                    "email": "websyspro.services@gmail.com"
                }
            ],
            "description": "Generic utility helpers for PHP components (arrays, files, strings, types, and identifiers).",
            "support": {
                "issues": "https://github.com/websyspro/commons/issues",
                "source": "https://github.com/websyspro/commons/tree/main"
            },
            "time": "2026-02-18T21:10:01+00:00"
        },
        {
            "name": "websyspro/devtools",
            "version": "dev-main",
            "source": {
                "type": "git",
                "url": "https://github.com/websyspro/dev-tools.git",
                "reference": "d4be6d2fa75a2556e821f3d97f9fc0eb779d0107"
            },
            "dist": {
                "type": "zip",
                "url": "https://api.github.com/repos/websyspro/dev-tools/zipball/d4be6d2fa75a2556e821f3d97f9fc0eb779d0107",
                "reference": "d4be6d2fa75a2556e821f3d97f9fc0eb779d0107",
                "shasum": ""
            },
            "require": {
                "php": ">=8.1",
                "websyspro/commons": "dev-main",
                "websyspro/elements": "dev-main"
            },
            "default-branch": true,
            "bin": [
                "bin/watch",
                "bin/reload"
            ],
            "type": "library",
            "autoload": {
                "psr-4": {
                    "Websyspro\\DevTools\\": "src/"
                }
            },
            "notification-url": "https://packagist.org/downloads/",
            "license": [
                "MIT"
            ],
            "authors": [
                {
                    "name": "websyspro",
                    "email": "websyspro.services@gmail.com"
                }
            ],
            "description": "A lightweight PHP development utility that watches source directories for file changes and automatically re-executes a target PHP entry point.",
            "support": {
                "issues": "https://github.com/websyspro/dev-tools/issues",
                "source": "https://github.com/websyspro/dev-tools/tree/main"
            },
            "time": "2026-01-23T23:55:03+00:00"
        },
        {
            "name": "websyspro/elements",
            "version": "dev-main",
            "source": {
                "type": "git",
                "url": "https://github.com/websyspro/elements.git",
                "reference": "2afa86c163d9b33f9e185bebfbf30d53acc2c63a"
            },
            "dist": {
                "type": "zip",
                "url": "https://api.github.com/repos/websyspro/elements/zipball/2afa86c163d9b33f9e185bebfbf30d53acc2c63a",
                "reference": "2afa86c163d9b33f9e185bebfbf30d53acc2c63a",
                "shasum": ""
            },
            "require": {
                "websyspro/commons": "dev-main",
                "websyspro/devtools": "dev-main"
            },
            "default-branch": true,
            "type": "library",
            "autoload": {
                "psr-4": {
                    "Websyspro\\Elements\\": "src/"
                }
            },
            "notification-url": "https://packagist.org/downloads/",
            "license": [
                "MIT"
            ],
            "authors": [
                {
                    "name": "websyspro",
                    "email": "websyspro.services@gmail.com"
                }
            ],
            "description": "PHP library for dynamic DOM element creation with support for attributes, nesting and HTML rendering",
            "support": {
                "issues": "https://github.com/websyspro/elements/issues",
                "source": "https://github.com/websyspro/elements/tree/main"
            },
            "time": "2026-02-02T17:00:09+00:00"
        },
        {
            "name": "websyspro/entity",
            "version": "dev-main",
            "source": {
                "type": "git",
                "url": "https://github.com/websyspro/entity.git",
                "reference": "b94b788afa8ec0a341331882783afa36f4c36317"
            },
            "dist": {
                "type": "zip",
                "url": "https://api.github.com/repos/websyspro/entity/zipball/b94b788afa8ec0a341331882783afa36f4c36317",
                "reference": "b94b788afa8ec0a341331882783afa36f4c36317",
                "shasum": ""
            },
            "require-dev": {
                "websyspro/commons": "dev-main"
            },
            "default-branch": true,
            "type": "library",
            "autoload": {
                "psr-4": {
                    "Websyspro\\Test\\": "test/",
                    "Websyspro\\Entity\\": "src/"
                }
            },
            "notification-url": "https://packagist.org/downloads/",
            "license": [
                "MIT"
            ],
            "authors": [
                {
                    "name": "websyspro",
                    "email": "websyspro.services@gmail.com"
                }
            ],
            "description": "Set of features in PHP for creating entitys for database",
            "support": {
                "issues": "https://github.com/websyspro/entity/issues",
                "source": "https://github.com/websyspro/entity/tree/main"
            },
            "time": "2026-02-18T22:04:32+00:00"
        }
    ],
    "packages-dev": [],
    "aliases": [],
    "minimum-stability": "dev",
    "stability-flags": {
        "websyspro/commons": 20,
        "websyspro/devtools": 20,
        "websyspro/entity": 20
    },
    "prefer-stable": true,
    "prefer-lowest": false,
    "platform": {},
    "platform-dev": {},
    "plugin-api-version": "2.9.0"
}
